
Microsoft Visual Studio Solution File, Format Version 12.00
# Visual Studio Version 16
VisualStudioVersion = 16.0.32228.343
MinimumVisualStudioVersion = 10.0.40219.1
Project("{FAE04EC0-301F-11D3-BF4B-00C04F79EFBC}") = "AMDO", "AMDO\AMDO.csproj", "{5C196A59-6C28-45C6-999F-98A87A7C1065}"
EndProject
Project("{FAE04EC0-301F-11D3-BF4B-00C04F79EFBC}") = "ADMORibbon", "ADMORibbon\ADMORibbon.csproj", "{7AD16E2A-B1E2-4FFF-AE25-9C287FF38C58}"
EndProject
Global
	GlobalSection(SolutionConfigurationPlatforms) = preSolution
		Debug|Any CPU = Debug|Any CPU
		Release|Any CPU = Release|Any CPU
	EndGlobalSection
	GlobalSection(ProjectConfigurationPlatforms) = postSolution
		{5C196A59-6C28-45C6-999F-98A87A7C1065}.Debug|Any CPU.ActiveCfg = Debug|Any CPU
		{5C196A59-6C28-45C6-999F-98A87A7C1065}.Debug|Any CPU.Build.0 = Debug|Any CPU
		{5C196A59-6C28-45C6-999F-98A87A7C1065}.Release|Any CPU.ActiveCfg = Release|Any CPU
		{5C196A59-6C28-45C6-999F-98A87A7C1065}.Release|Any CPU.Build.0 = Release|Any CPU
		{7AD16E2A-B1E2-4FFF-AE25-9C287FF38C58}.Debug|Any CPU.ActiveCfg = Debug|Any CPU
		{7AD16E2A-B1E2-4FFF-AE25-9C287FF38C58}.Debug|Any CPU.Build.0 = Debug|Any CPU
		{7AD16E2A-B1E2-4FFF-AE25-9C287FF38C58}.Release|Any CPU.ActiveCfg = Release|Any CPU
		{7AD16E2A-B1E2-4FFF-AE25-9C287FF38C58}.Release|Any CPU.Build.0 = Release|Any CPU
	EndGlobalSection
	GlobalSection(SolutionProperties) = preSolution
		HideSolutionNode = FALSE
	EndGlobalSection
	GlobalSection(ExtensibilityGlobals) = postSolution
		SolutionGuid = {FD6C82FE-C1A5-404E-AE47-FA92412726E6}
	EndGlobalSection
EndGlobal
